{
  "name": "ipfs-tutorial",
  "version": "1.0.0",
  "lockfileVersion": 1,
  "requires": true,
  "dependencies": {
    "@types/ipfs": {
      "version": "git+https://github.com/survirtual/types-ipfs.git#75d14c11b5d7bac41e947032617a266215b51737"
    },
    "@types/node": {
      "version": "10.7.1",
      "resolved": "https://registry.npmjs.org/@types/node/-/node-10.7.1.tgz",
      "integrity": "sha512-EGoI4ylB/lPOaqXqtzAyL8HcgOuCtH2hkEaLmkueOYufsTFWBn4VCvlCDC2HW8Q+9iF+QVC3sxjDKQYjHQeZ9w==",
      "dev": true
    },
    "js-ipfs": {
      "version": "0.0.301",
      "resolved": "https://registry.npmjs.org/js-ipfs/-/js-ipfs-0.0.301.tgz",
      "integrity": "sha1-RG3IDozQbPwQuYglcg6O7ubv680="
    }
  }
}
